// !$*UTF8*$!
{
	archiveVersion = 1;
	classes = {
	};
	objectVersion = 50;
	objects = {

/* Begin PBXBuildFile section */
		18FB78AB24D0A91200DFFF78 /* AppDelegate.swift in Sources */ = {isa = PBXBuildFile; fileRef = 18FB78AA24D0A91200DFFF78 /* AppDelegate.swift */; };
		18FB78AD24D0A91200DFFF78 /* SceneDelegate.swift in Sources */ = {isa = PBXBuildFile; fileRef = 18FB78AC24D0A91200DFFF78 /* SceneDelegate.swift */; };
		18FB78AF24D0A91200DFFF78 /* ViewController.swift in Sources */ = {isa = PBXBuildFile; fileRef = 18FB78AE24D0A91200DFFF78 /* ViewController.swift */; };
		18FB78B224D0A91200DFFF78 /* Main.storyboard in Resources */ = {isa = PBXBuildFile; fileRef = 18FB78B024D0A91200DFFF78 /* Main.storyboard */; };
		18FB78B524D0A91200DFFF78 /* GitHubTest.xcdatamodeld in Sources */ = {isa = PBXBuildFile; fileRef = 18FB78B324D0A91200DFFF78 /* GitHubTest.xcdatamodeld */; };
		18FB78B724D0A91500DFFF78 /* Assets.xcassets in Resources */ = {isa = PBXBuildFile; fileRef = 18FB78B624D0A91500DFFF78 /* Assets.xcassets */; };
		18FB78BA24D0A91500DFFF78 /* LaunchScreen.storyboard in Resources */ = {isa = PBXBuildFile; fileRef = 18FB78B824D0A91500DFFF78 /* LaunchScreen.storyboard */; };
		18FB78C524D0A91500DFFF78 /* GitHubTestTests.swift in Sources */ = {isa = PBXBuildFile; fileRef = 18FB78C424D0A91500DFFF78 /* GitHubTestTests.swift */; };
		18FB78D024D0A91500DFFF78 /* GitHubTestUITests.swift in Sources */ = {isa = PBXBuildFile; fileRef = 18FB78CF24D0A91500DFFF78 /* GitHubTestUITests.swift */; };
/* End PBXBuildFile section */

/* Begin PBXContainerItemProxy section */
		18FB78C124D0A91500DFFF78 /* PBXContainerItemProxy */ = {
			isa = PBXContainerItemProxy;
			containerPortal = 18FB789F24D0A91100DFFF78 /* Project object */;
			proxyType = 1;
			remoteGlobalIDString = 18FB78A624D0A91200DFFF78;
			remoteInfo = GitHubTest;
		};
		18FB78CC24D0A91500DFFF78 /* PBXContainerItemProxy */ = {
			isa = PBXContainerItemProxy;
			containerPortal = 18FB789F24D0A91100DFFF78 /* Project object */;
			proxyType = 1;
			remoteGlobalIDString = 18FB78A624D0A91200DFFF78;
			remoteInfo = GitHubTest;
		};
/* End PBXContainerItemProxy section */

/* Begin PBXFileReference section */
		18FB78A724D0A91200DFFF78 /* GitHubTest.app */ = {isa = PBXFileReference; explicitFileType = wrapper.application; includeInIndex = 0; path = GitHubTest.app; sourceTree = BUILT_PRODUCTS_DIR; };
		18FB78AA24D0A91200DFFF78 /* AppDelegate.swift */ = {isa = PBXFileReference; lastKnownFileType = sourcecode.swift; path = AppDelegate.swift; sourceTree = "<group>"; };
		18FB78AC24D0A91200DFFF78 /* SceneDelegate.swift */ = {isa = PBXFileReference; lastKnownFileType = sourcecode.swift; path = SceneDelegate.swift; sourceTree = "<group>"; };
		18FB78AE24D0A91200DFFF78 /* ViewController.swift */ = {isa = PBXFileReference; lastKnownFileType = sourcecode.swift; path = ViewController.swift; sourceTree = "<group>"; };
		18FB78B124D0A91200DFFF78 /* Base */ = {isa = PBXFileReference; lastKnownFileType = file.storyboard; name = Base; path = Base.lproj/Main.storyboard; sourceTree = "<group>"; };
		18FB78B424D0A91200DFFF78 /* GitHubTest.xcdatamodel */ = {isa = PBXFileReference; lastKnownFileType = wrapper.xcdatamodel; path = GitHubTest.xcdatamodel; sourceTree = "<group>"; };
		18FB78B624D0A91500DFFF78 /* Assets.xcassets */ = {isa = PBXFileReference; lastKnownFileType = folder.assetcatalog; path = Assets.xcassets; sourceTree = "<group>"; };
		18FB78B924D0A91500DFFF78 /* Base */ = {isa = PBXFileReference; lastKnownFileType = file.storyboard; name = Base; path = Base.lproj/LaunchScreen.storyboard; sourceTree = "<group>"; };
		18FB78BB24D0A91500DFFF78 /* Info.plist */ = {isa = PBXFileReference; lastKnownFileType = text.plist.xml; path = Info.plist; sourceTree = "<group>"; };
		18FB78C024D0A91500DFFF78 /* GitHubTestTests.xctest */ = {isa = PBXFileReference; explicitFileType = wrapper.cfbundle; includeInIndex = 0; path = GitHubTestTests.xctest; sourceTree = BUILT_PRODUCTS_DIR; };
		18FB78C424D0A91500DFFF78 /* GitHubTestTests.swift */ = {isa = PBXFileReference; lastKnownFileType = sourcecode.swift; path = GitHubTestTests.swift; sourceTree = "<group>"; };
		18FB78C624D0A91500DFFF78 /* Info.plist */ = {isa = PBXFileReference; lastKnownFileType = text.plist.xml; path = Info.plist; sourceTree = "<group>"; };
		18FB78CB24D0A91500DFFF78 /* GitHubTestUITests.xctest */ = {isa = PBXFileReference; explicitFileType = wrapper.cfbundle; includeInIndex = 0; path = GitHubTestUITests.xctest; sourceTree = BUILT_PRODUCTS_DIR; };
		18FB78CF24D0A91500DFFF78 /* GitHubTestUITests.swift */ = {isa = PBXFileReference; lastKnownFileType = sourcecode.swift; path = GitHubTestUITests.swift; sourceTree = "<group>"; };
		18FB78D124D0A91500DFFF78 /* Info.plist */ = {isa = PBXFileReference; lastKnownFileType = text.plist.xml; path = Info.plist; sourceTree = "<group>"; };
/* End PBXFileReference section */

/* Begin PBXFrameworksBuildPhase section */
		18FB78A424D0A91200DFFF78 /* Frameworks */ = {
			isa = PBXFrameworksBuildPhase;
			buildActionMask = 2147483647;
			files = (
			);
			runOnlyForDeploymentPostprocessing = 0;
		};
		18FB78BD24D0A91500DFFF78 /* Frameworks */ = {
			isa = PBXFrameworksBuildPhase;
			buildActionMask = 2147483647;
			files = (
			);
			runOnlyForDeploymentPostprocessing = 0;
		};
		18FB78C824D0A91500DFFF78 /* Frameworks */ = {
			isa = PBXFrameworksBuildPhase;
			buildActionMask = 2147483647;
			files = (
			);
			runOnlyForDeploymentPostprocessing = 0;
		};
/* End PBXFrameworksBuildPhase section */

/* Begin PBXGroup section */
		18FB789E24D0A91100DFFF78 = {
			isa = PBXGroup;
			children = (
				18FB78A924D0A91200DFFF78 /* GitHubTest */,
				18FB78C324D0A91500DFFF78 /* GitHubTestTests */,
				18FB78CE24D0A91500DFFF78 /* GitHubTestUITests */,
				18FB78A824D0A91200DFFF78 /* Products */,
			);
			sourceTree = "<group>";
		};
		18FB78A824D0A91200DFFF78 /* Products */ = {
			isa = PBXGroup;
			children = (
				18FB78A724D0A91200DFFF78 /* GitHubTest.app */,
				18FB78C024D0A91500DFFF78 /* GitHubTestTests.xctest */,
				18FB78CB24D0A91500DFFF78 /* GitHubTestUITests.xctest */,
			);
			name = Products;
			sourceTree = "<group>";
		};
		18FB78A924D0A91200DFFF78 /* GitHubTest */ = {
			isa = PBXGroup;
			children = (
				18FB78AA24D0A91200DFFF78 /* AppDelegate.swift */,
				18FB78AC24D0A91200DFFF78 /* SceneDelegate.swift */,
				18FB78AE24D0A91200DFFF78 /* ViewController.swift */,
				18FB78B024D0A91200DFFF78 /* Main.storyboard */,
				18FB78B624D0A91500DFFF78 /* Assets.xcassets */,
				18FB78B824D0A91500DFFF78 /* LaunchScreen.storyboard */,
				18FB78BB24D0A91500DFFF78 /* Info.plist */,
				18FB78B324D0A91200DFFF78 /* GitHubTest.xcdatamodeld */,
			);
			path = GitHubTest;
			sourceTree = "<group>";
		};
		18FB78C324D0A91500DFFF78 /* GitHubTestTests */ = {
			isa = PBXGroup;
			children = (
				18FB78C424D0A91500DFFF78 /* GitHubTestTests.swift */,
				18FB78C624D0A91500DFFF78 /* Info.plist */,
			);
			path = GitHubTestTests;
			sourceTree = "<group>";
		};
		18FB78CE24D0A91500DFFF78 /* GitHubTestUITests */ = {
			isa = PBXGroup;
			children = (
				18FB78CF24D0A91500DFFF78 /* GitHubTestUITests.swift */,
				18FB78D124D0A91500DFFF78 /* Info.plist */,
			);
			path = GitHubTestUITests;
			sourceTree = "<group>";
		};
/* End PBXGroup section */

/* Begin PBXNativeTarget section */
		18FB78A624D0A91200DFFF78 /* GitHubTest */ = {
			isa = PBXNativeTarget;
			buildConfigurationList = 18FB78D424D0A91500DFFF78 /* Build configuration list for PBXNativeTarget "GitHubTest" */;
			buildPhases = (
				18FB78A324D0A91200DFFF78 /* Sources */,
				18FB78A424D0A91200DFFF78 /* Frameworks */,
				18FB78A524D0A91200DFFF78 /* Resources */,
			);
			buildRules = (
			);
			dependencies = (
			);
			name = GitHubTest;
			productName = GitHubTest;
			productReference = 18FB78A724D0A91200DFFF78 /* GitHubTest.app */;
			productType = "com.apple.product-type.application";
		};
		18FB78BF24D0A91500DFFF78 /* GitHubTestTests */ = {
			isa = PBXNativeTarget;
			buildConfigurationList = 18FB78D724D0A91500DFFF78 /* Build configuration list for PBXNativeTarget "GitHubTestTests" */;
			buildPhases = (
				18FB78BC24D0A91500DFFF78 /* Sources */,
				18FB78BD24D0A91500DFFF78 /* Frameworks */,
				18FB78BE24D0A91500DFFF78 /* Resources */,
			);
			buildRules = (
			);
			dependencies = (
				18FB78C224D0A91500DFFF78 /* PBXTargetDependency */,
			);
			name = GitHubTestTests;
			productName = GitHubTestTests;
			productReference = 18FB78C024D0A91500DFFF78 /* GitHubTestTests.xctest */;
			productType = "com.apple.product-type.bundle.unit-test";
		};
		18FB78CA24D0A91500DFFF78 /* GitHubTestUITests */ = {
			isa = PBXNativeTarget;
			buildConfigurationList = 18FB78DA24D0A91500DFFF78 /* Build configuration list for PBXNativeTarget "GitHubTestUITests" */;
			buildPhases = (
				18FB78C724D0A91500DFFF78 /* Sources */,
				18FB78C824D0A91500DFFF78 /* Frameworks */,
				18FB78C924D0A91500DFFF78 /* Resources */,
			);
			buildRules = (
			);
			dependencies = (
				18FB78CD24D0A91500DFFF78 /* PBXTargetDependency */,
			);
			name = GitHubTestUITests;
			productName = GitHubTestUITests;
			productReference = 18FB78CB24D0A91500DFFF78 /* GitHubTestUITests.xctest */;
			productType = "com.apple.product-type.bundle.ui-testing";
		};
/* End PBXNativeTarget section */

/* Begin PBXProject section */
		18FB789F24D0A91100DFFF78 /* Project object */ = {
			isa = PBXProject;
			attributes = {
				LastSwiftUpdateCheck = 1150;
				LastUpgradeCheck = 1150;
				ORGANIZATIONNAME = "Denise Ortiz";
				TargetAttributes = {
					18FB78A624D0A91200DFFF78 = {
						CreatedOnToolsVersion = 11.5;
					};
					18FB78BF24D0A91500DFFF78 = {
						CreatedOnToolsVersion = 11.5;
						TestTargetID = 18FB78A624D0A91200DFFF78;
					};
					18FB78CA24D0A91500DFFF78 = {
						CreatedOnToolsVersion = 11.5;
						TestTargetID = 18FB78A624D0A91200DFFF78;
					};
				};
			};
			buildConfigurationList = 18FB78A224D0A91100DFFF78 /* Build configuration list for PBXProject "GitHubTest" */;
			compatibilityVersion = "Xcode 9.3";
			developmentRegion = en;
			hasScannedForEncodings = 0;
			knownRegions = (
				en,
				Base,
			);
			mainGroup = 18FB789E24D0A91100DFFF78;
			productRefGroup = 18FB78A824D0A91200DFFF78 /* Products */;
			projectDirPath = "";
			projectRoot = "";
			targets = (
				18FB78A624D0A91200DFFF78 /* GitHubTest */,
				18FB78BF24D0A91500DFFF78 /* GitHubTestTests */,
				18FB78CA24D0A91500DFFF78 /* GitHubTestUITests */,
			);
		};
/* End PBXProject section */

/* Begin PBXResourcesBuildPhase section */
		18FB78A524D0A91200DFFF78 /* Resources */ = {
			isa = PBXResourcesBuildPhase;
			buildActionMask = 2147483647;
			files = (
				18FB78BA24D0A91500DFFF78 /* LaunchScreen.storyboard in Resources */,
				18FB78B724D0A91500DFFF78 /* Assets.xcassets in Resources */,
				18FB78B224D0A91200DFFF78 /* Main.storyboard in Resources */,
			);
			runOnlyForDeploymentPostprocessing = 0;
		};
		18FB78BE24D0A91500DFFF78 /* Resources */ = {
			isa = PBXResourcesBuildPhase;
			buildActionMask = 2147483647;
			files = (
			);
			runOnlyForDeploymentPostprocessing = 0;
		};
		18FB78C924D0A91500DFFF78 /* Resources */ = {
			isa = PBXResourcesBuildPhase;
			buildActionMask = 2147483647;
			files = (
			);
			runOnlyForDeploymentPostprocessing = 0;
		};
/* End PBXResourcesBuildPhase section */

/* Begin PBXSourcesBuildPhase section */
		18FB78A324D0A91200DFFF78 /* Sources */ = {
			isa = PBXSourcesBuildPhase;
			buildActionMask = 2147483647;
			files = (
				18FB78AF24D0A91200DFFF78 /* ViewController.swift in Sources */,
				18FB78AB24D0A91200DFFF78 /* AppDelegate.swift in Sources */,
				18FB78B524D0A91200DFFF78 /* GitHubTest.xcdatamodeld in Sources */,
				18FB78AD24D0A91200DFFF78 /* SceneDelegate.swift in Sources */,
			);
			runOnlyForDeploymentPostprocessing = 0;
		};
		18FB78BC24D0A91500DFFF78 /* Sources */ = {
			isa = PBXSourcesBuildPhase;
			buildActionMask = 2147483647;
			files = (
				18FB78C524D0A91500DFFF78 /* GitHubTestTests.swift in Sources */,
			);
			runOnlyForDeploymentPostprocessing = 0;
		};
		18FB78C724D0A91500DFFF78 /* Sources */ = {
			isa = PBXSourcesBuildPhase;
			buildActionMask = 2147483647;
			files = (
				18FB78D024D0A91500DFFF78 /* GitHubTestUITests.swift in Sources */,
			);
			runOnlyForDeploymentPostprocessing = 0;
		};
/* End PBXSourcesBuildPhase section */

/* Begin PBXTargetDependency section */
		18FB78C224D0A91500DFFF78 /* PBXTargetDependency */ = {
			isa = PBXTargetDependency;
			target = 18FB78A624D0A91200DFFF78 /* GitHubTest */;
			targetProxy = 18FB78C124D0A91500DFFF78 /* PBXContainerItemProxy */;
		};
		18FB78CD24D0A91500DFFF78 /* PBXTargetDependency */ = {
			isa = PBXTargetDependency;
			target = 18FB78A624D0A91200DFFF78 /* GitHubTest */;
			targetProxy = 18FB78CC24D0A91500DFFF78 /* PBXContainerItemProxy */;
		};
/* End PBXTargetDependency section */

/* Begin PBXVariantGroup section */
		18FB78B024D0A91200DFFF78 /* Main.storyboard */ = {
			isa = PBXVariantGroup;
			children = (
				18FB78B124D0A91200DFFF78 /* Base */,
			);
			name = Main.storyboard;
			sourceTree = "<group>";
		};
		18FB78B824D0A91500DFFF78 /* LaunchScreen.storyboard */ = {
			isa = PBXVariantGroup;
			children = (
				18FB78B924D0A91500DFFF78 /* Base */,
			);
			name = LaunchScreen.storyboard;
			sourceTree = "<group>";
		};
/* End PBXVariantGroup section */

/* Begin XCBuildConfiguration section */
		18FB78D224D0A91500DFFF78 /* Debug */ = {
			isa = XCBuildConfiguration;
			buildSettings = {
				ALWAYS_SEARCH_USER_PATHS = NO;
				CLANG_ANALYZER_NONNULL = YES;
				CLANG_ANALYZER_NUMBER_OBJECT_CONVERSION = YES_AGGRESSIVE;
				CLANG_CXX_LANGUAGE_STANDARD = "gnu++14";
				CLANG_CXX_LIBRARY = "libc++";
				CLANG_ENABLE_MODULES = YES;
				CLANG_ENABLE_OBJC_ARC = YES;
				CLANG_ENABLE_OBJC_WEAK = YES;
				CLANG_WARN_BLOCK_CAPTURE_AUTORELEASING = YES;
				CLANG_WARN_BOOL_CONVERSION = YES;
				CLANG_WARN_COMMA = YES;
				CLANG_WARN_CONSTANT_CONVERSION = YES;
				CLANG_WARN_DEPRECATED_OBJC_IMPLEMENTATIONS = YES;
				CLANG_WARN_DIRECT_OBJC_ISA_USAGE = YES_ERROR;
				CLANG_WARN_DOCUMENTATION_COMMENTS = YES;
				CLANG_WARN_EMPTY_BODY = YES;
				CLANG_WARN_ENUM_CONVERSION = YES;
				CLANG_WARN_INFINITE_RECURSION = YES;
				CLANG_WARN_INT_CONVERSION = YES;
				CLANG_WARN_NON_LITERAL_NULL_CONVERSION = YES;
				CLANG_WARN_OBJC_IMPLICIT_RETAIN_SELF = YES;
				CLANG_WARN_OBJC_LITERAL_CONVERSION = YES;
				CLANG_WARN_OBJC_ROOT_CLASS = YES_ERROR;
				CLANG_WARN_RANGE_LOOP_ANALYSIS = YES;
				CLANG_WARN_STRICT_PROTOTYPES = YES;
				CLANG_WARN_SUSPICIOUS_MOVE = YES;
				CLANG_WARN_UNGUARDED_AVAILABILITY = YES_AGGRESSIVE;
				CLANG_WARN_UNREACHABLE_CODE = YES;
				CLANG_WARN__DUPLICATE_METHOD_MATCH = YES;
				COPY_PHASE_STRIP = NO;
				DEBUG_INFORMATION_FORMAT = dwarf;
				ENABLE_STRICT_OBJC_MSGSEND = YES;
				ENABLE_TESTABILITY = YES;
				GCC_C_LANGUAGE_STANDARD = gnu11;
				GCC_DYNAMIC_NO_PIC = NO;
				GCC_NO_COMMON_BLOCKS = YES;
				GCC_OPTIMIZATION_LEVEL = 0;
				GCC_PREPROCESSOR_DEFINITIONS = (
					"DEBUG=1",
					"$(inherited)",
				);
				GCC_WARN_64_TO_32_BIT_CONVERSION = YES;
				GCC_WARN_ABOUT_RETURN_TYPE = YES_ERROR;
				GCC_WARN_UNDECLARED_SELECTOR = YES;
				GCC_WARN_UNINITIALIZED_AUTOS = YES_AGGRESSIVE;
				GCC_WARN_UNUSED_FUNCTION = YES;
				GCC_WARN_UNUSED_VARIABLE = YES;
				IPHONEOS_DEPLOYMENT_TARGET = 13.5;
				MTL_ENABLE_DEBUG_INFO = INCLUDE_SOURCE;
				MTL_FAST_MATH = YES;
				ONLY_ACTIVE_ARCH = YES;
				SDKROOT = iphoneos;
				SWIFT_ACTIVE_COMPILATION_CONDITIONS = DEBUG;
				SWIFT_OPTIMIZATION_LEVEL = "-Onone";
			};
			name = Debug;
		};
		18FB78D324D0A91500DFFF78 /* Release */ = {
			isa = XCBuildConfiguration;
			buildSettings = {
				ALWAYS_SEARCH_USER_PATHS = NO;
				CLANG_ANALYZER_NONNULL = YES;
				CLANG_ANALYZER_NUMBER_OBJECT_CONVERSION = YES_AGGRESSIVE;
				CLANG_CXX_LANGUAGE_STANDARD = "gnu++14";
				CLANG_CXX_LIBRARY = "libc++";
				CLANG_ENABLE_MODULES = YES;
				CLANG_ENABLE_OBJC_ARC = YES;
				CLANG_ENABLE_OBJC_WEAK = YES;
				CLANG_WARN_BLOCK_CAPTURE_AUTORELEASING = YES;
				CLANG_WARN_BOOL_CONVERSION = YES;
				CLANG_WARN_COMMA = YES;
				CLANG_WARN_CONSTANT_CONVERSION = YES;
				CLANG_WARN_DEPRECATED_OBJC_IMPLEMENTATIONS = YES;
				CLANG_WARN_DIRECT_OBJC_ISA_USAGE = YES_ERROR;
				CLANG_WARN_DOCUMENTATION_COMMENTS = YES;
				CLANG_WARN_EMPTY_BODY = YES;
				CLANG_WARN_ENUM_CONVERSION = YES;
				CLANG_WARN_INFINITE_RECURSION = YES;
				CLANG_WARN_INT_CONVERSION = YES;
				CLANG_WARN_NON_LITERAL_NULL_CONVERSION = YES;
				CLANG_WARN_OBJC_IMPLICIT_RETAIN_SELF = YES;
				CLANG_WARN_OBJC_LITERAL_CONVERSION = YES;
				CLANG_WARN_OBJC_ROOT_CLASS = YES_ERROR;
				CLANG_WARN_RANGE_LOOP_ANALYSIS = YES;
				CLANG_WARN_STRICT_PROTOTYPES = YES;
				CLANG_WARN_SUSPICIOUS_MOVE = YES;
				CLANG_WARN_UNGUARDED_AVAILABILITY = YES_AGGRESSIVE;
				CLANG_WARN_UNREACHABLE_CODE = YES;
				CLANG_WARN__DUPLICATE_METHOD_MATCH = YES;
				COPY_PHASE_STRIP = NO;
				DEBUG_INFORMATION_FORMAT = "dwarf-with-dsym";
				ENABLE_NS_ASSERTIONS = NO;
				ENABLE_STRICT_OBJC_MSGSEND = YES;
				GCC_C_LANGUAGE_STANDARD = gnu11;
				GCC_NO_COMMON_BLOCKS = YES;
				GCC_WARN_64_TO_32_BIT_CONVERSION = YES;
				GCC_WARN_ABOUT_RETURN_TYPE = YES_ERROR;
				GCC_WARN_UNDECLARED_SELECTOR = YES;
				GCC_WARN_UNINITIALIZED_AUTOS = YES_AGGRESSIVE;
				GCC_WARN_UNUSED_FUNCTION = YES;
				GCC_WARN_UNUSED_VARIABLE = YES;
				IPHONEOS_DEPLOYMENT_TARGET = 13.5;
				MTL_ENABLE_DEBUG_INFO = NO;
				MTL_FAST_MATH = YES;
				SDKROOT = iphoneos;
				SWIFT_COMPILATION_MODE = wholemodule;
				SWIFT_OPTIMIZATION_LEVEL = "-O";
				VALIDATE_PRODUCT = YES;
			};
			name = Release;
		};
		18FB78D524D0A91500DFFF78 /* Debug */ = {
			isa = XCBuildConfiguration;
			buildSettings = {
				ASSETCATALOG_COMPILER_APPICON_NAME = AppIcon;
				CODE_SIGN_STYLE = Automatic;
				INFOPLIST_FILE = GitHubTest/Info.plist;
				LD_RUNPATH_SEARCH_PATHS = (
					"$(inherited)",
					"@executable_path/Frameworks",
				);
				PRODUCT_BUNDLE_IDENTIFIER = KWK.GitHubTest;
				PRODUCT_NAME = "$(TARGET_NAME)";
				SWIFT_VERSION = 5.0;
				TARGETED_DEVICE_FAMILY = "1,2";
			};
			name = Debug;
		};
		18FB78D624D0A91500DFFF78 /* Release */ = {
			isa = XCBuildConfiguration;
			buildSettings = {
				ASSETCATALOG_COMPILER_APPICON_NAME = AppIcon;
				CODE_SIGN_STYLE = Automatic;
				INFOPLIST_FILE = GitHubTest/Info.plist;
				LD_RUNPATH_SEARCH_PATHS = (
					"$(inherited)",
					"@executable_path/Frameworks",
				);
				PRODUCT_BUNDLE_IDENTIFIER = KWK.GitHubTest;
				PRODUCT_NAME = "$(TARGET_NAME)";
				SWIFT_VERSION = 5.0;
				TARGETED_DEVICE_FAMILY = "1,2";
			};
			name = Release;
		};
		18FB78D824D0A91500DFFF78 /* Debug */ = {
			isa = XCBuildConfiguration;
			buildSettings = {
				ALWAYS_EMBED_SWIFT_STANDARD_LIBRARIES = YES;
				BUNDLE_LOADER = "$(TEST_HOST)";
				CODE_SIGN_STYLE = Automatic;
				INFOPLIST_FILE = GitHubTestTests/Info.plist;
				IPHONEOS_DEPLOYMENT_TARGET = 13.5;
				LD_RUNPATH_SEARCH_PATHS = (
					"$(inherited)",
					"@executable_path/Frameworks",
					"@loader_path/Frameworks",
				);
				PRODUCT_BUNDLE_IDENTIFIER = KWK.GitHubTestTests;
				PRODUCT_NAME = "$(TARGET_NAME)";
				SWIFT_VERSION = 5.0;
				TARGETED_DEVICE_FAMILY = "1,2";
				TEST_HOST = "$(BUILT_PRODUCTS_DIR)/GitHubTest.app/GitHubTest";
			};
			name = Debug;
		};
		18FB78D924D0A91500DFFF78 /* Release */ = {
			isa = XCBuildConfiguration;
			buildSettings = {
				ALWAYS_EMBED_SWIFT_STANDARD_LIBRARIES = YES;
				BUNDLE_LOADER = "$(TEST_HOST)";
				CODE_SIGN_STYLE = Automatic;
				INFOPLIST_FILE = GitHubTestTests/Info.plist;
				IPHONEOS_DEPLOYMENT_TARGET = 13.5;
				LD_RUNPATH_SEARCH_PATHS = (
					"$(inherited)",
					"@executable_path/Frameworks",
					"@loader_path/Frameworks",
				);
				PRODUCT_BUNDLE_IDENTIFIER = KWK.GitHubTestTests;
				PRODUCT_NAME = "$(TARGET_NAME)";
				SWIFT_VERSION = 5.0;
				TARGETED_DEVICE_FAMILY = "1,2";
				TEST_HOST = "$(BUILT_PRODUCTS_DIR)/GitHubTest.app/GitHubTest";
			};
			name = Release;
		};
		18FB78DB24D0A91500DFFF78 /* Debug */ = {
			isa = XCBuildConfiguration;
			buildSettings = {
				ALWAYS_EMBED_SWIFT_STANDARD_LIBRARIES = YES;
				CODE_SIGN_STYLE = Automatic;
				INFOPLIST_FILE = GitHubTestUITests/Info.plist;
				LD_RUNPATH_SEARCH_PATHS = (
					"$(inherited)",
					"@executable_path/Frameworks",
					"@loader_path/Frameworks",
				);
				PRODUCT_BUNDLE_IDENTIFIER = KWK.GitHubTestUITests;
				PRODUCT_NAME = "$(TARGET_NAME)";
				SWIFT_VERSION = 5.0;
				TARGETED_DEVICE_FAMILY = "1,2";
				TEST_TARGET_NAME = GitHubTest;
			};
			name = Debug;
		};
		18FB78DC24D0A91500DFFF78 /* Release */ = {
			isa = XCBuildConfiguration;
			buildSettings = {
				ALWAYS_EMBED_SWIFT_STANDARD_LIBRARIES = YES;
				CODE_SIGN_STYLE = Automatic;
				INFOPLIST_FILE = GitHubTestUITests/Info.plist;
				LD_RUNPATH_SEARCH_PATHS = (
					"$(inherited)",
					"@executable_path/Frameworks",
					"@loader_path/Frameworks",
				);
				PRODUCT_BUNDLE_IDENTIFIER = KWK.GitHubTestUITests;
				PRODUCT_NAME = "$(TARGET_NAME)";
				SWIFT_VERSION = 5.0;
				TARGETED_DEVICE_FAMILY = "1,2";
				TEST_TARGET_NAME = GitHubTest;
			};
			name = Release;
		};
/* End XCBuildConfiguration section */

/* Begin XCConfigurationList section */
		18FB78A224D0A91100DFFF78 /* Build configuration list for PBXProject "GitHubTest" */ = {
			isa = XCConfigurationList;
			buildConfigurations = (
				18FB78D224D0A91500DFFF78 /* Debug */,
				18FB78D324D0A91500DFFF78 /* Release */,
			);
			defaultConfigurationIsVisible = 0;
			defaultConfigurationName = Release;
		};
		18FB78D424D0A91500DFFF78 /* Build configuration list for PBXNativeTarget "GitHubTest" */ = {
			isa = XCConfigurationList;
			buildConfigurations = (
				18FB78D524D0A91500DFFF78 /* Debug */,
				18FB78D624D0A91500DFFF78 /* Release */,
			);
			defaultConfigurationIsVisible = 0;
			defaultConfigurationName = Release;
		};
		18FB78D724D0A91500DFFF78 /* Build configuration list for PBXNativeTarget "GitHubTestTests" */ = {
			isa = XCConfigurationList;
			buildConfigurations = (
				18FB78D824D0A91500DFFF78 /* Debug */,
				18FB78D924D0A91500DFFF78 /* Release */,
			);
			defaultConfigurationIsVisible = 0;
			defaultConfigurationName = Release;
		};
		18FB78DA24D0A91500DFFF78 /* Build configuration list for PBXNativeTarget "GitHubTestUITests" */ = {
			isa = XCConfigurationList;
			buildConfigurations = (
				18FB78DB24D0A91500DFFF78 /* Debug */,
				18FB78DC24D0A91500DFFF78 /* Release */,
			);
			defaultConfigurationIsVisible = 0;
			defaultConfigurationName = Release;
		};
/* End XCConfigurationList section */

/* Begin XCVersionGroup section */
		18FB78B324D0A91200DFFF78 /* GitHubTest.xcdatamodeld */ = {
			isa = XCVersionGroup;
			children = (
				18FB78B424D0A91200DFFF78 /* GitHubTest.xcdatamodel */,
			);
			currentVersion = 18FB78B424D0A91200DFFF78 /* GitHubTest.xcdatamodel */;
			path = GitHubTest.xcdatamodeld;
			sourceTree = "<group>";
			versionGroupType = wrapper.xcdatamodel;
		};
/* End XCVersionGroup section */
	};
	rootObject = 18FB789F24D0A91100DFFF78 /* Project object */;
}
